dependencies:
- name: keycloakx
  repository: https://codecentric.github.io/helm-charts
  version: 1.7.0
- name: postgresql
  repository: https://charts.bitnami.com/bitnami
  version: 11.9.13
digest: sha256:a9fa55b15de6be5c3d07850fc992f6f9e030973fa45f36ba3a13896f966346de
generated: "2022-12-04T21:44:56.891082966+01:00"
