dependencies:
- name: memcached
  repository: https://charts.bitnami.com/bitnami
  version: 6.3.5
- name: postgresql
  repository: https://charts.bitnami.com/bitnami
  version: 12.1.9
digest: sha256:601dcfee2224de0b4c74a4443461c1c26134e9bf3b9f0ebf5ebc79343223dc4d
generated: "2023-01-15T14:39:03.789434757+01:00"
