dependencies:
- name: memcached
  repository: https://charts.bitnami.com/bitnami
  version: 6.3.6
- name: postgresql
  repository: https://charts.bitnami.com/bitnami
  version: 12.1.15
digest: sha256:bcbb81d05c1575821ff5a2976550d5180e02456d2a6d0c54b1b43178cb44c254
generated: "2023-02-17T14:31:57.229663632+01:00"
