dependencies:
- name: memcached
  repository: https://charts.bitnami.com/bitnami
  version: 6.3.1
- name: postgresql
  repository: https://charts.bitnami.com/bitnami
  version: 11.9.13
digest: sha256:c8c51a6625d3a908d96fc9ede94bc31e50654db0223461535ae9dc52a74b5614
generated: "2022-12-04T21:21:51.044324294+01:00"
